
Microsoft Visual Studio Solution File, Format Version 12.00
# Visual Studio Version 17
VisualStudioVersion = 17.8.34511.84
MinimumVisualStudioVersion = 10.0.40219.1
Project("{9A19103F-16F7-4668-BE54-9A1E7A4F7556}") = "YAYA-api", "YAYA-api\YAYA-api.csproj", "{EE4A6B8F-D9DE-4D3A-BE3D-DFD68B328123}"
EndProject
Project("{E53339B2-1760-4266-BCC7-CA923CBCF16C}") = "docker-compose", "docker-compose.dcproj", "{80923FC0-100C-4A8D-9663-3BC53DD667FD}"
EndProject
Project("{9A19103F-16F7-4668-BE54-9A1E7A4F7556}") = "YAYA-readside", "YAYA-readside\YAYA-readside.csproj", "{3BA44D80-C10E-44C1-9139-0F4E2FE6AED6}"
EndProject
Project("{2150E333-8FDC-42A3-9474-1A3956D46DE8}") = "Notes", "Notes", "{F2DD2AC6-4233-424B-87BD-324A04CEACB1}"
EndProject
Global
	GlobalSection(SolutionConfigurationPlatforms) = preSolution
		Debug|Any CPU = Debug|Any CPU
		Release|Any CPU = Release|Any CPU
	EndGlobalSection
	GlobalSection(ProjectConfigurationPlatforms) = postSolution
		{EE4A6B8F-D9DE-4D3A-BE3D-DFD68B328123}.Debug|Any CPU.ActiveCfg = Debug|Any CPU
		{EE4A6B8F-D9DE-4D3A-BE3D-DFD68B328123}.Debug|Any CPU.Build.0 = Debug|Any CPU
		{EE4A6B8F-D9DE-4D3A-BE3D-DFD68B328123}.Release|Any CPU.ActiveCfg = Release|Any CPU
		{EE4A6B8F-D9DE-4D3A-BE3D-DFD68B328123}.Release|Any CPU.Build.0 = Release|Any CPU
		{80923FC0-100C-4A8D-9663-3BC53DD667FD}.Debug|Any CPU.ActiveCfg = Debug|Any CPU
		{80923FC0-100C-4A8D-9663-3BC53DD667FD}.Debug|Any CPU.Build.0 = Debug|Any CPU
		{80923FC0-100C-4A8D-9663-3BC53DD667FD}.Release|Any CPU.ActiveCfg = Release|Any CPU
		{80923FC0-100C-4A8D-9663-3BC53DD667FD}.Release|Any CPU.Build.0 = Release|Any CPU
		{3BA44D80-C10E-44C1-9139-0F4E2FE6AED6}.Debug|Any CPU.ActiveCfg = Debug|Any CPU
		{3BA44D80-C10E-44C1-9139-0F4E2FE6AED6}.Debug|Any CPU.Build.0 = Debug|Any CPU
		{3BA44D80-C10E-44C1-9139-0F4E2FE6AED6}.Release|Any CPU.ActiveCfg = Release|Any CPU
		{3BA44D80-C10E-44C1-9139-0F4E2FE6AED6}.Release|Any CPU.Build.0 = Release|Any CPU
	EndGlobalSection
	GlobalSection(SolutionProperties) = preSolution
		HideSolutionNode = FALSE
	EndGlobalSection
	GlobalSection(ExtensibilityGlobals) = postSolution
		SolutionGuid = {72C05910-90C9-477A-B03F-82A1B5573ED7}
	EndGlobalSection
EndGlobal
